{
  "version": 4,
  "terraform_version": "1.9.4",
  "serial": 7,
  "lineage": "1f76aff7-4edd-f238-16b0-7ac1e67e4f84",
  "outputs": {},
  "resources": [
    {
      "mode": "managed",
      "type": "spotify_playlist",
      "name": "falling_leaves_and_slow_beats",
      "provider": "provider[\"registry.terraform.io/conradludgate/spotify\"]",
      "instances": [
        {
          "schema_version": 0,
          "attributes": {
            "description": null,
            "id": "1xmti1rReBsfmO23rcpNMH",
            "name": "Falling Leaves and Slow Beats",
            "public": true,
            "snapshot_id": "AAAAAn2/tQjTHwZw+HAfBTYE2ZlQHfxO",
            "tracks": [
              "5bJ1DrEM4hNCafcDd1oxHx",
              "6LteLVcW0oWLjuW6nePyWb",
              "0qvzXomUDJVaUboy2wMfiS",
              "4rhv5nnyAdhjvqRB8s9xr7",
              "1fu5IQSRgPxJL2OTP7FVLW",
              "1ZMiCix7XSAbfAJlEZWMCp",
              "35KiiILklye1JRRctaLUb4",
              "2Ck6gblyk3UFCVPTh8o3TN",
              "5zT5cMnMKoyruPj13TQXGx",
              "3IvSKBO9Fu4yEWRPXvfrLU"
            ]
          },
          "sensitive_attributes": [],
          "private": "bnVsbA=="
        }
      ]
    }
  ],
  "check_results": null
}
